
Microsoft Visual Studio Solution File, Format Version 12.00
# Visual Studio 14
VisualStudioVersion = 14.0.24720.0
MinimumVisualStudioVersion = 10.0.40219.1
Project("{2150E333-8FDC-42A3-9474-1A3956D46DE8}") = "Data", "Data", "{F055DDF2-15DB-431B-8C1D-7CB6679ED0B5}"
EndProject
Project("{FAE04EC0-301F-11D3-BF4B-00C04F79EFBC}") = "AncientCivilizations.Data", "Data\AncientCivilizations.Data\AncientCivilizations.Data.csproj", "{CDD14D79-2FF0-4F0E-A4CE-5E8264608E2A}"
EndProject
Project("{FAE04EC0-301F-11D3-BF4B-00C04F79EFBC}") = "AncientCivilizations.Data.Models", "Data\AncientCivilizations.Data.Models\AncientCivilizations.Data.Models.csproj", "{B8DEAE0F-1EF6-444C-A705-B5FADAD7D3D1}"
EndProject
Project("{2150E333-8FDC-42A3-9474-1A3956D46DE8}") = "Common", "Common", "{6ACA3234-00DB-4AD9-94AB-C488776B3459}"
EndProject
Project("{FAE04EC0-301F-11D3-BF4B-00C04F79EFBC}") = "AncientCivilizations.Common", "Common\AncientCivilizations.Common\AncientCivilizations.Common.csproj", "{36ABB062-A1EB-4996-9A30-D3F98D7BDFE4}"
EndProject
Project("{FAE04EC0-301F-11D3-BF4B-00C04F79EFBC}") = "AncientCivilizations.Data.Contracts", "Data\AncientCivilizations.Data.Contracts\AncientCivilizations.Data.Contracts.csproj", "{B977FE27-3DC2-4680-89D5-6135BFF68C4F}"
EndProject
Project("{2150E333-8FDC-42A3-9474-1A3956D46DE8}") = "Web", "Web", "{3B99704C-6C1A-418F-BD32-7B9EECE4C0F5}"
EndProject
Project("{2150E333-8FDC-42A3-9474-1A3956D46DE8}") = "Services", "Services", "{C0F63020-30AC-415B-BF3D-CF370651CCA2}"
EndProject
Project("{FAE04EC0-301F-11D3-BF4B-00C04F79EFBC}") = "AncientCivilizations.Services", "Services\AncientCivilizations.Services\AncientCivilizations.Services.csproj", "{981B2A45-C954-4121-998E-35B4774BF8BE}"
EndProject
Project("{FAE04EC0-301F-11D3-BF4B-00C04F79EFBC}") = "AncientCivilizations.Web", "Web\AncientCivilizations.Web\AncientCivilizations.Web.csproj", "{6F1B07E4-2F6B-4201-94B9-20A4FD20CAE0}"
EndProject
Project("{2150E333-8FDC-42A3-9474-1A3956D46DE8}") = "Tests", "Tests", "{E2C7EDE8-D8EF-4680-8CC3-779A530DA4DC}"
EndProject
Project("{FAE04EC0-301F-11D3-BF4B-00C04F79EFBC}") = "AncientCivilizations.Web.Tests", "Tests\AncientCivilizations.Web.Tests\AncientCivilizations.Web.Tests.csproj", "{D1197C14-2FCA-4BF5-A970-9CBC5B1BD308}"
EndProject
Project("{FAE04EC0-301F-11D3-BF4B-00C04F79EFBC}") = "AncientCivilizations.Web.Common", "Web\AncientCivilizations.Web.Common\AncientCivilizations.Web.Common.csproj", "{0AD61DC7-8D69-48FB-941E-40BD27F210D1}"
EndProject
Project("{FAE04EC0-301F-11D3-BF4B-00C04F79EFBC}") = "AncientCivilizations.Web.Models", "Web\AncientCivilizations.Web.Models\AncientCivilizations.Web.Models.csproj", "{F35CA2E8-6189-49F0-90B4-70FEE201BF8E}"
EndProject
Project("{FAE04EC0-301F-11D3-BF4B-00C04F79EFBC}") = "AncientCivilizations.Web.Infrastructure", "Web\AncientCivilizations.Web.Infrastructure\AncientCivilizations.Web.Infrastructure.csproj", "{50B20BCF-4668-4F44-BDFB-50A87B981FA9}"
EndProject
Global
	GlobalSection(SolutionConfigurationPlatforms) = preSolution
		Debug|Any CPU = Debug|Any CPU
		Release|Any CPU = Release|Any CPU
	EndGlobalSection
	GlobalSection(ProjectConfigurationPlatforms) = postSolution
		{CDD14D79-2FF0-4F0E-A4CE-5E8264608E2A}.Debug|Any CPU.ActiveCfg = Debug|Any CPU
		{CDD14D79-2FF0-4F0E-A4CE-5E8264608E2A}.Debug|Any CPU.Build.0 = Debug|Any CPU
		{CDD14D79-2FF0-4F0E-A4CE-5E8264608E2A}.Release|Any CPU.ActiveCfg = Release|Any CPU
		{CDD14D79-2FF0-4F0E-A4CE-5E8264608E2A}.Release|Any CPU.Build.0 = Release|Any CPU
		{B8DEAE0F-1EF6-444C-A705-B5FADAD7D3D1}.Debug|Any CPU.ActiveCfg = Debug|Any CPU
		{B8DEAE0F-1EF6-444C-A705-B5FADAD7D3D1}.Debug|Any CPU.Build.0 = Debug|Any CPU
		{B8DEAE0F-1EF6-444C-A705-B5FADAD7D3D1}.Release|Any CPU.ActiveCfg = Release|Any CPU
		{B8DEAE0F-1EF6-444C-A705-B5FADAD7D3D1}.Release|Any CPU.Build.0 = Release|Any CPU
		{36ABB062-A1EB-4996-9A30-D3F98D7BDFE4}.Debug|Any CPU.ActiveCfg = Debug|Any CPU
		{36ABB062-A1EB-4996-9A30-D3F98D7BDFE4}.Debug|Any CPU.Build.0 = Debug|Any CPU
		{36ABB062-A1EB-4996-9A30-D3F98D7BDFE4}.Release|Any CPU.ActiveCfg = Release|Any CPU
		{36ABB062-A1EB-4996-9A30-D3F98D7BDFE4}.Release|Any CPU.Build.0 = Release|Any CPU
		{B977FE27-3DC2-4680-89D5-6135BFF68C4F}.Debug|Any CPU.ActiveCfg = Debug|Any CPU
		{B977FE27-3DC2-4680-89D5-6135BFF68C4F}.Debug|Any CPU.Build.0 = Debug|Any CPU
		{B977FE27-3DC2-4680-89D5-6135BFF68C4F}.Release|Any CPU.ActiveCfg = Release|Any CPU
		{B977FE27-3DC2-4680-89D5-6135BFF68C4F}.Release|Any CPU.Build.0 = Release|Any CPU
		{981B2A45-C954-4121-998E-35B4774BF8BE}.Debug|Any CPU.ActiveCfg = Debug|Any CPU
		{981B2A45-C954-4121-998E-35B4774BF8BE}.Debug|Any CPU.Build.0 = Debug|Any CPU
		{981B2A45-C954-4121-998E-35B4774BF8BE}.Release|Any CPU.ActiveCfg = Release|Any CPU
		{981B2A45-C954-4121-998E-35B4774BF8BE}.Release|Any CPU.Build.0 = Release|Any CPU
		{6F1B07E4-2F6B-4201-94B9-20A4FD20CAE0}.Debug|Any CPU.ActiveCfg = Debug|Any CPU
		{6F1B07E4-2F6B-4201-94B9-20A4FD20CAE0}.Debug|Any CPU.Build.0 = Debug|Any CPU
		{6F1B07E4-2F6B-4201-94B9-20A4FD20CAE0}.Release|Any CPU.ActiveCfg = Release|Any CPU
		{6F1B07E4-2F6B-4201-94B9-20A4FD20CAE0}.Release|Any CPU.Build.0 = Release|Any CPU
		{D1197C14-2FCA-4BF5-A970-9CBC5B1BD308}.Debug|Any CPU.ActiveCfg = Debug|Any CPU
		{D1197C14-2FCA-4BF5-A970-9CBC5B1BD308}.Debug|Any CPU.Build.0 = Debug|Any CPU
		{D1197C14-2FCA-4BF5-A970-9CBC5B1BD308}.Release|Any CPU.ActiveCfg = Release|Any CPU
		{D1197C14-2FCA-4BF5-A970-9CBC5B1BD308}.Release|Any CPU.Build.0 = Release|Any CPU
		{0AD61DC7-8D69-48FB-941E-40BD27F210D1}.Debug|Any CPU.ActiveCfg = Debug|Any CPU
		{0AD61DC7-8D69-48FB-941E-40BD27F210D1}.Debug|Any CPU.Build.0 = Debug|Any CPU
		{0AD61DC7-8D69-48FB-941E-40BD27F210D1}.Release|Any CPU.ActiveCfg = Release|Any CPU
		{0AD61DC7-8D69-48FB-941E-40BD27F210D1}.Release|Any CPU.Build.0 = Release|Any CPU
		{F35CA2E8-6189-49F0-90B4-70FEE201BF8E}.Debug|Any CPU.ActiveCfg = Debug|Any CPU
		{F35CA2E8-6189-49F0-90B4-70FEE201BF8E}.Debug|Any CPU.Build.0 = Debug|Any CPU
		{F35CA2E8-6189-49F0-90B4-70FEE201BF8E}.Release|Any CPU.ActiveCfg = Release|Any CPU
		{F35CA2E8-6189-49F0-90B4-70FEE201BF8E}.Release|Any CPU.Build.0 = Release|Any CPU
		{50B20BCF-4668-4F44-BDFB-50A87B981FA9}.Debug|Any CPU.ActiveCfg = Debug|Any CPU
		{50B20BCF-4668-4F44-BDFB-50A87B981FA9}.Debug|Any CPU.Build.0 = Debug|Any CPU
		{50B20BCF-4668-4F44-BDFB-50A87B981FA9}.Release|Any CPU.ActiveCfg = Release|Any CPU
		{50B20BCF-4668-4F44-BDFB-50A87B981FA9}.Release|Any CPU.Build.0 = Release|Any CPU
	EndGlobalSection
	GlobalSection(SolutionProperties) = preSolution
		HideSolutionNode = FALSE
	EndGlobalSection
	GlobalSection(NestedProjects) = preSolution
		{CDD14D79-2FF0-4F0E-A4CE-5E8264608E2A} = {F055DDF2-15DB-431B-8C1D-7CB6679ED0B5}
		{B8DEAE0F-1EF6-444C-A705-B5FADAD7D3D1} = {F055DDF2-15DB-431B-8C1D-7CB6679ED0B5}
		{36ABB062-A1EB-4996-9A30-D3F98D7BDFE4} = {6ACA3234-00DB-4AD9-94AB-C488776B3459}
		{B977FE27-3DC2-4680-89D5-6135BFF68C4F} = {F055DDF2-15DB-431B-8C1D-7CB6679ED0B5}
		{981B2A45-C954-4121-998E-35B4774BF8BE} = {C0F63020-30AC-415B-BF3D-CF370651CCA2}
		{6F1B07E4-2F6B-4201-94B9-20A4FD20CAE0} = {3B99704C-6C1A-418F-BD32-7B9EECE4C0F5}
		{D1197C14-2FCA-4BF5-A970-9CBC5B1BD308} = {E2C7EDE8-D8EF-4680-8CC3-779A530DA4DC}
		{0AD61DC7-8D69-48FB-941E-40BD27F210D1} = {3B99704C-6C1A-418F-BD32-7B9EECE4C0F5}
		{F35CA2E8-6189-49F0-90B4-70FEE201BF8E} = {3B99704C-6C1A-418F-BD32-7B9EECE4C0F5}
		{50B20BCF-4668-4F44-BDFB-50A87B981FA9} = {3B99704C-6C1A-418F-BD32-7B9EECE4C0F5}
	EndGlobalSection
EndGlobal
