
Microsoft Visual Studio Solution File, Format Version 12.00
# Visual Studio 14
VisualStudioVersion = 14.0.24720.0
MinimumVisualStudioVersion = 10.0.40219.1
Project("{2150E333-8FDC-42A3-9474-1A3956D46DE8}") = "Data", "Data", "{F055DDF2-15DB-431B-8C1D-7CB6679ED0B5}"
EndProject
Project("{FAE04EC0-301F-11D3-BF4B-00C04F79EFBC}") = "AncientCivilizations.Data", "Data\AncientCivilizations.Data\AncientCivilizations.Data.csproj", "{CDD14D79-2FF0-4F0E-A4CE-5E8264608E2A}"
EndProject
Project("{FAE04EC0-301F-11D3-BF4B-00C04F79EFBC}") = "AncientCivilizations.Data.Models", "Data\AncientCivilizations.Data.Models\AncientCivilizations.Data.Models.csproj", "{B8DEAE0F-1EF6-444C-A705-B5FADAD7D3D1}"
EndProject
Project("{2150E333-8FDC-42A3-9474-1A3956D46DE8}") = "Common", "Common", "{6ACA3234-00DB-4AD9-94AB-C488776B3459}"
EndProject
Project("{FAE04EC0-301F-11D3-BF4B-00C04F79EFBC}") = "AncientCivilizations.Common", "Common\AncientCivilizations.Common\AncientCivilizations.Common.csproj", "{36ABB062-A1EB-4996-9A30-D3F98D7BDFE4}"
EndProject
Project("{FAE04EC0-301F-11D3-BF4B-00C04F79EFBC}") = "AncientCivilizations.Data.Contracts", "Data\AncientCivilizations.Data.Contracts\AncientCivilizations.Data.Contracts.csproj", "{B977FE27-3DC2-4680-89D5-6135BFF68C4F}"
EndProject
Global
	GlobalSection(SolutionConfigurationPlatforms) = preSolution
		Debug|Any CPU = Debug|Any CPU
		Release|Any CPU = Release|Any CPU
	EndGlobalSection
	GlobalSection(ProjectConfigurationPlatforms) = postSolution
		{CDD14D79-2FF0-4F0E-A4CE-5E8264608E2A}.Debug|Any CPU.ActiveCfg = Debug|Any CPU
		{CDD14D79-2FF0-4F0E-A4CE-5E8264608E2A}.Debug|Any CPU.Build.0 = Debug|Any CPU
		{CDD14D79-2FF0-4F0E-A4CE-5E8264608E2A}.Release|Any CPU.ActiveCfg = Release|Any CPU
		{CDD14D79-2FF0-4F0E-A4CE-5E8264608E2A}.Release|Any CPU.Build.0 = Release|Any CPU
		{B8DEAE0F-1EF6-444C-A705-B5FADAD7D3D1}.Debug|Any CPU.ActiveCfg = Debug|Any CPU
		{B8DEAE0F-1EF6-444C-A705-B5FADAD7D3D1}.Debug|Any CPU.Build.0 = Debug|Any CPU
		{B8DEAE0F-1EF6-444C-A705-B5FADAD7D3D1}.Release|Any CPU.ActiveCfg = Release|Any CPU
		{B8DEAE0F-1EF6-444C-A705-B5FADAD7D3D1}.Release|Any CPU.Build.0 = Release|Any CPU
		{36ABB062-A1EB-4996-9A30-D3F98D7BDFE4}.Debug|Any CPU.ActiveCfg = Debug|Any CPU
		{36ABB062-A1EB-4996-9A30-D3F98D7BDFE4}.Debug|Any CPU.Build.0 = Debug|Any CPU
		{36ABB062-A1EB-4996-9A30-D3F98D7BDFE4}.Release|Any CPU.ActiveCfg = Release|Any CPU
		{36ABB062-A1EB-4996-9A30-D3F98D7BDFE4}.Release|Any CPU.Build.0 = Release|Any CPU
		{B977FE27-3DC2-4680-89D5-6135BFF68C4F}.Debug|Any CPU.ActiveCfg = Debug|Any CPU
		{B977FE27-3DC2-4680-89D5-6135BFF68C4F}.Debug|Any CPU.Build.0 = Debug|Any CPU
		{B977FE27-3DC2-4680-89D5-6135BFF68C4F}.Release|Any CPU.ActiveCfg = Release|Any CPU
		{B977FE27-3DC2-4680-89D5-6135BFF68C4F}.Release|Any CPU.Build.0 = Release|Any CPU
	EndGlobalSection
	GlobalSection(SolutionProperties) = preSolution
		HideSolutionNode = FALSE
	EndGlobalSection
	GlobalSection(NestedProjects) = preSolution
		{CDD14D79-2FF0-4F0E-A4CE-5E8264608E2A} = {F055DDF2-15DB-431B-8C1D-7CB6679ED0B5}
		{B8DEAE0F-1EF6-444C-A705-B5FADAD7D3D1} = {F055DDF2-15DB-431B-8C1D-7CB6679ED0B5}
		{36ABB062-A1EB-4996-9A30-D3F98D7BDFE4} = {6ACA3234-00DB-4AD9-94AB-C488776B3459}
		{B977FE27-3DC2-4680-89D5-6135BFF68C4F} = {F055DDF2-15DB-431B-8C1D-7CB6679ED0B5}
	EndGlobalSection
EndGlobal
